
Microsoft Visual Studio Solution File, Format Version 12.00
# Visual Studio Version 17
VisualStudioVersion = 17.5.33530.505
MinimumVisualStudioVersion = 10.0.40219.1
Project("{FAE04EC0-301F-11D3-BF4B-00C04F79EFBC}") = "API", "API\API.csproj", "{C75C5191-4692-4DBA-9C64-20EA1D561151}"
EndProject
Global
	GlobalSection(SolutionConfigurationPlatforms) = preSolution
		Debug|Any CPU = Debug|Any CPU
		Release|Any CPU = Release|Any CPU
	EndGlobalSection
	GlobalSection(ProjectConfigurationPlatforms) = postSolution
		{C75C5191-4692-4DBA-9C64-20EA1D561151}.Debug|Any CPU.ActiveCfg = Debug|Any CPU
		{C75C5191-4692-4DBA-9C64-20EA1D561151}.Debug|Any CPU.Build.0 = Debug|Any CPU
		{C75C5191-4692-4DBA-9C64-20EA1D561151}.Release|Any CPU.ActiveCfg = Release|Any CPU
		{C75C5191-4692-4DBA-9C64-20EA1D561151}.Release|Any CPU.Build.0 = Release|Any CPU
	EndGlobalSection
	GlobalSection(SolutionProperties) = preSolution
		HideSolutionNode = FALSE
	EndGlobalSection
	GlobalSection(ExtensibilityGlobals) = postSolution
		SolutionGuid = {676CEE5E-A359-4EF8-8AAF-26DD21849CD7}
	EndGlobalSection
EndGlobal
